
Microsoft Visual Studio Solution File, Format Version 12.00
# Visual Studio 15
VisualStudioVersion = 15.0.26730.12
MinimumVisualStudioVersion = 10.0.40219.1
Project("{2150E333-8FDC-42A3-9474-1A3956D46DE8}") = "src", "src", "{0F5BBF94-D1E7-46CF-A3C8-C7B53FCCA497}"
EndProject
Project("{2150E333-8FDC-42A3-9474-1A3956D46DE8}") = "test", "test", "{5B6609B2-2549-470D-B253-7B79A8E18A1E}"
EndProject
Project("{9A19103F-16F7-4668-BE54-9A1E7A4F7556}") = "Aurochses.Xunit", "src\Aurochses.Xunit\Aurochses.Xunit.csproj", "{CE1E1C44-402B-43B9-B287-076750E57C6B}"
EndProject
Project("{9A19103F-16F7-4668-BE54-9A1E7A4F7556}") = "Aurochses.Xunit.Tests", "test\Aurochses.Xunit.Tests\Aurochses.Xunit.Tests.csproj", "{169AFD8F-C10F-476A-9EF5-9D8ADA9470F9}"
EndProject
Global
	GlobalSection(SolutionConfigurationPlatforms) = preSolution
		Debug|Any CPU = Debug|Any CPU
		Release|Any CPU = Release|Any CPU
	EndGlobalSection
	GlobalSection(ProjectConfigurationPlatforms) = postSolution
		{CE1E1C44-402B-43B9-B287-076750E57C6B}.Debug|Any CPU.ActiveCfg = Debug|Any CPU
		{CE1E1C44-402B-43B9-B287-076750E57C6B}.Debug|Any CPU.Build.0 = Debug|Any CPU
		{CE1E1C44-402B-43B9-B287-076750E57C6B}.Release|Any CPU.ActiveCfg = Release|Any CPU
		{CE1E1C44-402B-43B9-B287-076750E57C6B}.Release|Any CPU.Build.0 = Release|Any CPU
		{169AFD8F-C10F-476A-9EF5-9D8ADA9470F9}.Debug|Any CPU.ActiveCfg = Debug|Any CPU
		{169AFD8F-C10F-476A-9EF5-9D8ADA9470F9}.Debug|Any CPU.Build.0 = Debug|Any CPU
		{169AFD8F-C10F-476A-9EF5-9D8ADA9470F9}.Release|Any CPU.ActiveCfg = Release|Any CPU
		{169AFD8F-C10F-476A-9EF5-9D8ADA9470F9}.Release|Any CPU.Build.0 = Release|Any CPU
	EndGlobalSection
	GlobalSection(SolutionProperties) = preSolution
		HideSolutionNode = FALSE
	EndGlobalSection
	GlobalSection(NestedProjects) = preSolution
		{CE1E1C44-402B-43B9-B287-076750E57C6B} = {0F5BBF94-D1E7-46CF-A3C8-C7B53FCCA497}
		{169AFD8F-C10F-476A-9EF5-9D8ADA9470F9} = {5B6609B2-2549-470D-B253-7B79A8E18A1E}
	EndGlobalSection
	GlobalSection(ExtensibilityGlobals) = postSolution
		SolutionGuid = {FE48C608-4636-4DE2-B5EC-659797E8D655}
	EndGlobalSection
EndGlobal
